// !$*UTF8*$!
{
	archiveVersion = 1;
	classes = {
	};
	objectVersion = 50;
	objects = {

/* Begin PBXBuildFile section */
		D15ED5DD2144991F00573F11 /* AppDelegate.swift in Sources */ = {isa = PBXBuildFile; fileRef = D15ED5DC2144991F00573F11 /* AppDelegate.swift */; };
		D15ED5DF2144991F00573F11 /* ViewController.swift in Sources */ = {isa = PBXBuildFile; fileRef = D15ED5DE2144991F00573F11 /* ViewController.swift */; };
		D15ED5E22144991F00573F11 /* Main.storyboard in Resources */ = {isa = PBXBuildFile; fileRef = D15ED5E02144991F00573F11 /* Main.storyboard */; };
		D15ED5E42144992000573F11 /* Assets.xcassets in Resources */ = {isa = PBXBuildFile; fileRef = D15ED5E32144992000573F11 /* Assets.xcassets */; };
		D15ED5E72144992000573F11 /* LaunchScreen.storyboard in Resources */ = {isa = PBXBuildFile; fileRef = D15ED5E52144992000573F11 /* LaunchScreen.storyboard */; };
		D15ED5F22144992000573F11 /* Shopping_ListTests.swift in Sources */ = {isa = PBXBuildFile; fileRef = D15ED5F12144992000573F11 /* Shopping_ListTests.swift */; };
		D15ED5FD2144992000573F11 /* Shopping_ListUITests.swift in Sources */ = {isa = PBXBuildFile; fileRef = D15ED5FC2144992000573F11 /* Shopping_ListUITests.swift */; };
/* End PBXBuildFile section */

/* Begin PBXContainerItemProxy section */
		D15ED5EE2144992000573F11 /* PBXContainerItemProxy */ = {
			isa = PBXContainerItemProxy;
			containerPortal = D15ED5D12144991F00573F11 /* Project object */;
			proxyType = 1;
			remoteGlobalIDString = D15ED5D82144991F00573F11;
			remoteInfo = Shopping_List;
		};
		D15ED5F92144992000573F11 /* PBXContainerItemProxy */ = {
			isa = PBXContainerItemProxy;
			containerPortal = D15ED5D12144991F00573F11 /* Project object */;
			proxyType = 1;
			remoteGlobalIDString = D15ED5D82144991F00573F11;
			remoteInfo = Shopping_List;
		};
/* End PBXContainerItemProxy section */

/* Begin PBXFileReference section */
		D15ED5D92144991F00573F11 /* Shopping_List.app */ = {isa = PBXFileReference; explicitFileType = wrapper.application; includeInIndex = 0; path = Shopping_List.app; sourceTree = BUILT_PRODUCTS_DIR; };
		D15ED5DC2144991F00573F11 /* AppDelegate.swift */ = {isa = PBXFileReference; lastKnownFileType = sourcecode.swift; path = AppDelegate.swift; sourceTree = "<group>"; };
		D15ED5DE2144991F00573F11 /* ViewController.swift */ = {isa = PBXFileReference; lastKnownFileType = sourcecode.swift; path = ViewController.swift; sourceTree = "<group>"; };
		D15ED5E12144991F00573F11 /* Base */ = {isa = PBXFileReference; lastKnownFileType = file.storyboard; name = Base; path = Base.lproj/Main.storyboard; sourceTree = "<group>"; };
		D15ED5E32144992000573F11 /* Assets.xcassets */ = {isa = PBXFileReference; lastKnownFileType = folder.assetcatalog; path = Assets.xcassets; sourceTree = "<group>"; };
		D15ED5E62144992000573F11 /* Base */ = {isa = PBXFileReference; lastKnownFileType = file.storyboard; name = Base; path = Base.lproj/LaunchScreen.storyboard; sourceTree = "<group>"; };
		D15ED5E82144992000573F11 /* Info.plist */ = {isa = PBXFileReference; lastKnownFileType = text.plist.xml; path = Info.plist; sourceTree = "<group>"; };
		D15ED5ED2144992000573F11 /* Shopping_ListTests.xctest */ = {isa = PBXFileReference; explicitFileType = wrapper.cfbundle; includeInIndex = 0; path = Shopping_ListTests.xctest; sourceTree = BUILT_PRODUCTS_DIR; };
		D15ED5F12144992000573F11 /* Shopping_ListTests.swift */ = {isa = PBXFileReference; lastKnownFileType = sourcecode.swift; path = Shopping_ListTests.swift; sourceTree = "<group>"; };
		D15ED5F32144992000573F11 /* Info.plist */ = {isa = PBXFileReference; lastKnownFileType = text.plist.xml; path = Info.plist; sourceTree = "<group>"; };
		D15ED5F82144992000573F11 /* Shopping_ListUITests.xctest */ = {isa = PBXFileReference; explicitFileType = wrapper.cfbundle; includeInIndex = 0; path = Shopping_ListUITests.xctest; sourceTree = BUILT_PRODUCTS_DIR; };
		D15ED5FC2144992000573F11 /* Shopping_ListUITests.swift */ = {isa = PBXFileReference; lastKnownFileType = sourcecode.swift; path = Shopping_ListUITests.swift; sourceTree = "<group>"; };
		D15ED5FE2144992000573F11 /* Info.plist */ = {isa = PBXFileReference; lastKnownFileType = text.plist.xml; path = Info.plist; sourceTree = "<group>"; };
/* End PBXFileReference section */

/* Begin PBXFrameworksBuildPhase section */
		D15ED5D62144991F00573F11 /* Frameworks */ = {
			isa = PBXFrameworksBuildPhase;
			buildActionMask = 2147483647;
			files = (
			);
			runOnlyForDeploymentPostprocessing = 0;
		};
		D15ED5EA2144992000573F11 /* Frameworks */ = {
			isa = PBXFrameworksBuildPhase;
			buildActionMask = 2147483647;
			files = (
			);
			runOnlyForDeploymentPostprocessing = 0;
		};
		D15ED5F52144992000573F11 /* Frameworks */ = {
			isa = PBXFrameworksBuildPhase;
			buildActionMask = 2147483647;
			files = (
			);
			runOnlyForDeploymentPostprocessing = 0;
		};
/* End PBXFrameworksBuildPhase section */

/* Begin PBXGroup section */
		D15ED5D02144991F00573F11 = {
			isa = PBXGroup;
			children = (
				D15ED5DB2144991F00573F11 /* Shopping_List */,
				D15ED5F02144992000573F11 /* Shopping_ListTests */,
				D15ED5FB2144992000573F11 /* Shopping_ListUITests */,
				D15ED5DA2144991F00573F11 /* Products */,
			);
			sourceTree = "<group>";
		};
		D15ED5DA2144991F00573F11 /* Products */ = {
			isa = PBXGroup;
			children = (
				D15ED5D92144991F00573F11 /* Shopping_List.app */,
				D15ED5ED2144992000573F11 /* Shopping_ListTests.xctest */,
				D15ED5F82144992000573F11 /* Shopping_ListUITests.xctest */,
			);
			name = Products;
			sourceTree = "<group>";
		};
		D15ED5DB2144991F00573F11 /* Shopping_List */ = {
			isa = PBXGroup;
			children = (
				D15ED5DC2144991F00573F11 /* AppDelegate.swift */,
				D15ED5DE2144991F00573F11 /* ViewController.swift */,
				D15ED5E02144991F00573F11 /* Main.storyboard */,
				D15ED5E32144992000573F11 /* Assets.xcassets */,
				D15ED5E52144992000573F11 /* LaunchScreen.storyboard */,
				D15ED5E82144992000573F11 /* Info.plist */,
			);
			path = Shopping_List;
			sourceTree = "<group>";
		};
		D15ED5F02144992000573F11 /* Shopping_ListTests */ = {
			isa = PBXGroup;
			children = (
				D15ED5F12144992000573F11 /* Shopping_ListTests.swift */,
				D15ED5F32144992000573F11 /* Info.plist */,
			);
			path = Shopping_ListTests;
			sourceTree = "<group>";
		};
		D15ED5FB2144992000573F11 /* Shopping_ListUITests */ = {
			isa = PBXGroup;
			children = (
				D15ED5FC2144992000573F11 /* Shopping_ListUITests.swift */,
				D15ED5FE2144992000573F11 /* Info.plist */,
			);
			path = Shopping_ListUITests;
			sourceTree = "<group>";
		};
/* End PBXGroup section */

/* Begin PBXNativeTarget section */
		D15ED5D82144991F00573F11 /* Shopping_List */ = {
			isa = PBXNativeTarget;
			buildConfigurationList = D15ED6012144992000573F11 /* Build configuration list for PBXNativeTarget "Shopping_List" */;
			buildPhases = (
				D15ED5D52144991F00573F11 /* Sources */,
				D15ED5D62144991F00573F11 /* Frameworks */,
				D15ED5D72144991F00573F11 /* Resources */,
			);
			buildRules = (
			);
			dependencies = (
			);
			name = Shopping_List;
			productName = Shopping_List;
			productReference = D15ED5D92144991F00573F11 /* Shopping_List.app */;
			productType = "com.apple.product-type.application";
		};
		D15ED5EC2144992000573F11 /* Shopping_ListTests */ = {
			isa = PBXNativeTarget;
			buildConfigurationList = D15ED6042144992000573F11 /* Build configuration list for PBXNativeTarget "Shopping_ListTests" */;
			buildPhases = (
				D15ED5E92144992000573F11 /* Sources */,
				D15ED5EA2144992000573F11 /* Frameworks */,
				D15ED5EB2144992000573F11 /* Resources */,
			);
			buildRules = (
			);
			dependencies = (
				D15ED5EF2144992000573F11 /* PBXTargetDependency */,
			);
			name = Shopping_ListTests;
			productName = Shopping_ListTests;
			productReference = D15ED5ED2144992000573F11 /* Shopping_ListTests.xctest */;
			productType = "com.apple.product-type.bundle.unit-test";
		};
		D15ED5F72144992000573F11 /* Shopping_ListUITests */ = {
			isa = PBXNativeTarget;
			buildConfigurationList = D15ED6072144992000573F11 /* Build configuration list for PBXNativeTarget "Shopping_ListUITests" */;
			buildPhases = (
				D15ED5F42144992000573F11 /* Sources */,
				D15ED5F52144992000573F11 /* Frameworks */,
				D15ED5F62144992000573F11 /* Resources */,
			);
			buildRules = (
			);
			dependencies = (
				D15ED5FA2144992000573F11 /* PBXTargetDependency */,
			);
			name = Shopping_ListUITests;
			productName = Shopping_ListUITests;
			productReference = D15ED5F82144992000573F11 /* Shopping_ListUITests.xctest */;
			productType = "com.apple.product-type.bundle.ui-testing";
		};
/* End PBXNativeTarget section */

/* Begin PBXProject section */
		D15ED5D12144991F00573F11 /* Project object */ = {
			isa = PBXProject;
			attributes = {
				LastSwiftUpdateCheck = 0940;
				LastUpgradeCheck = 0940;
				ORGANIZATIONNAME = "Manali Rami";
				TargetAttributes = {
					D15ED5D82144991F00573F11 = {
						CreatedOnToolsVersion = 9.4.1;
					};
					D15ED5EC2144992000573F11 = {
						CreatedOnToolsVersion = 9.4.1;
						TestTargetID = D15ED5D82144991F00573F11;
					};
					D15ED5F72144992000573F11 = {
						CreatedOnToolsVersion = 9.4.1;
						TestTargetID = D15ED5D82144991F00573F11;
					};
				};
			};
			buildConfigurationList = D15ED5D42144991F00573F11 /* Build configuration list for PBXProject "Shopping_List" */;
			compatibilityVersion = "Xcode 9.3";
			developmentRegion = en;
			hasScannedForEncodings = 0;
			knownRegions = (
				en,
				Base,
			);
			mainGroup = D15ED5D02144991F00573F11;
			productRefGroup = D15ED5DA2144991F00573F11 /* Products */;
			projectDirPath = "";
			projectRoot = "";
			targets = (
				D15ED5D82144991F00573F11 /* Shopping_List */,
				D15ED5EC2144992000573F11 /* Shopping_ListTests */,
				D15ED5F72144992000573F11 /* Shopping_ListUITests */,
			);
		};
/* End PBXProject section */

/* Begin PBXResourcesBuildPhase section */
		D15ED5D72144991F00573F11 /* Resources */ = {
			isa = PBXResourcesBuildPhase;
			buildActionMask = 2147483647;
			files = (
				D15ED5E72144992000573F11 /* LaunchScreen.storyboard in Resources */,
				D15ED5E42144992000573F11 /* Assets.xcassets in Resources */,
				D15ED5E22144991F00573F11 /* Main.storyboard in Resources */,
			);
			runOnlyForDeploymentPostprocessing = 0;
		};
		D15ED5EB2144992000573F11 /* Resources */ = {
			isa = PBXResourcesBuildPhase;
			buildActionMask = 2147483647;
			files = (
			);
			runOnlyForDeploymentPostprocessing = 0;
		};
		D15ED5F62144992000573F11 /* Resources */ = {
			isa = PBXResourcesBuildPhase;
			buildActionMask = 2147483647;
			files = (
			);
			runOnlyForDeploymentPostprocessing = 0;
		};
/* End PBXResourcesBuildPhase section */

/* Begin PBXSourcesBuildPhase section */
		D15ED5D52144991F00573F11 /* Sources */ = {
			isa = PBXSourcesBuildPhase;
			buildActionMask = 2147483647;
			files = (
				D15ED5DF2144991F00573F11 /* ViewController.swift in Sources */,
				D15ED5DD2144991F00573F11 /* AppDelegate.swift in Sources */,
			);
			runOnlyForDeploymentPostprocessing = 0;
		};
		D15ED5E92144992000573F11 /* Sources */ = {
			isa = PBXSourcesBuildPhase;
			buildActionMask = 2147483647;
			files = (
				D15ED5F22144992000573F11 /* Shopping_ListTests.swift in Sources */,
			);
			runOnlyForDeploymentPostprocessing = 0;
		};
		D15ED5F42144992000573F11 /* Sources */ = {
			isa = PBXSourcesBuildPhase;
			buildActionMask = 2147483647;
			files = (
				D15ED5FD2144992000573F11 /* Shopping_ListUITests.swift in Sources */,
			);
			runOnlyForDeploymentPostprocessing = 0;
		};
/* End PBXSourcesBuildPhase section */

/* Begin PBXTargetDependency section */
		D15ED5EF2144992000573F11 /* PBXTargetDependency */ = {
			isa = PBXTargetDependency;
			target = D15ED5D82144991F00573F11 /* Shopping_List */;
			targetProxy = D15ED5EE2144992000573F11 /* PBXContainerItemProxy */;
		};
		D15ED5FA2144992000573F11 /* PBXTargetDependency */ = {
			isa = PBXTargetDependency;
			target = D15ED5D82144991F00573F11 /* Shopping_List */;
			targetProxy = D15ED5F92144992000573F11 /* PBXContainerItemProxy */;
		};
/* End PBXTargetDependency section */

/* Begin PBXVariantGroup section */
		D15ED5E02144991F00573F11 /* Main.storyboard */ = {
			isa = PBXVariantGroup;
			children = (
				D15ED5E12144991F00573F11 /* Base */,
			);
			name = Main.storyboard;
			sourceTree = "<group>";
		};
		D15ED5E52144992000573F11 /* LaunchScreen.storyboard */ = {
			isa = PBXVariantGroup;
			children = (
				D15ED5E62144992000573F11 /* Base */,
			);
			name = LaunchScreen.storyboard;
			sourceTree = "<group>";
		};
/* End PBXVariantGroup section */

/* Begin XCBuildConfiguration section */
		D15ED5FF2144992000573F11 /* Debug */ = {
			isa = XCBuildConfiguration;
			buildSettings = {
				ALWAYS_SEARCH_USER_PATHS = NO;
				CLANG_ANALYZER_NONNULL = YES;
				CLANG_ANALYZER_NUMBER_OBJECT_CONVERSION = YES_AGGRESSIVE;
				CLANG_CXX_LANGUAGE_STANDARD = "gnu++14";
				CLANG_CXX_LIBRARY = "libc++";
				CLANG_ENABLE_MODULES = YES;
				CLANG_ENABLE_OBJC_ARC = YES;
				CLANG_ENABLE_OBJC_WEAK = YES;
				CLANG_WARN_BLOCK_CAPTURE_AUTORELEASING = YES;
				CLANG_WARN_BOOL_CONVERSION = YES;
				CLANG_WARN_COMMA = YES;
				CLANG_WARN_CONSTANT_CONVERSION = YES;
				CLANG_WARN_DEPRECATED_OBJC_IMPLEMENTATIONS = YES;
				CLANG_WARN_DIRECT_OBJC_ISA_USAGE = YES_ERROR;
				CLANG_WARN_DOCUMENTATION_COMMENTS = YES;
				CLANG_WARN_EMPTY_BODY = YES;
				CLANG_WARN_ENUM_CONVERSION = YES;
				CLANG_WARN_INFINITE_RECURSION = YES;
				CLANG_WARN_INT_CONVERSION = YES;
				CLANG_WARN_NON_LITERAL_NULL_CONVERSION = YES;
				CLANG_WARN_OBJC_IMPLICIT_RETAIN_SELF = YES;
				CLANG_WARN_OBJC_LITERAL_CONVERSION = YES;
				CLANG_WARN_OBJC_ROOT_CLASS = YES_ERROR;
				CLANG_WARN_RANGE_LOOP_ANALYSIS = YES;
				CLANG_WARN_STRICT_PROTOTYPES = YES;
				CLANG_WARN_SUSPICIOUS_MOVE = YES;
				CLANG_WARN_UNGUARDED_AVAILABILITY = YES_AGGRESSIVE;
				CLANG_WARN_UNREACHABLE_CODE = YES;
				CLANG_WARN__DUPLICATE_METHOD_MATCH = YES;
				CODE_SIGN_IDENTITY = "iPhone Developer";
				COPY_PHASE_STRIP = NO;
				DEBUG_INFORMATION_FORMAT = dwarf;
				ENABLE_STRICT_OBJC_MSGSEND = YES;
				ENABLE_TESTABILITY = YES;
				GCC_C_LANGUAGE_STANDARD = gnu11;
				GCC_DYNAMIC_NO_PIC = NO;
				GCC_NO_COMMON_BLOCKS = YES;
				GCC_OPTIMIZATION_LEVEL = 0;
				GCC_PREPROCESSOR_DEFINITIONS = (
					"DEBUG=1",
					"$(inherited)",
				);
				GCC_WARN_64_TO_32_BIT_CONVERSION = YES;
				GCC_WARN_ABOUT_RETURN_TYPE = YES_ERROR;
				GCC_WARN_UNDECLARED_SELECTOR = YES;
				GCC_WARN_UNINITIALIZED_AUTOS = YES_AGGRESSIVE;
				GCC_WARN_UNUSED_FUNCTION = YES;
				GCC_WARN_UNUSED_VARIABLE = YES;
				IPHONEOS_DEPLOYMENT_TARGET = 11.4;
				MTL_ENABLE_DEBUG_INFO = YES;
				ONLY_ACTIVE_ARCH = YES;
				SDKROOT = iphoneos;
				SWIFT_ACTIVE_COMPILATION_CONDITIONS = DEBUG;
				SWIFT_OPTIMIZATION_LEVEL = "-Onone";
			};
			name = Debug;
		};
		D15ED6002144992000573F11 /* Release */ = {
			isa = XCBuildConfiguration;
			buildSettings = {
				ALWAYS_SEARCH_USER_PATHS = NO;
				CLANG_ANALYZER_NONNULL = YES;
				CLANG_ANALYZER_NUMBER_OBJECT_CONVERSION = YES_AGGRESSIVE;
				CLANG_CXX_LANGUAGE_STANDARD = "gnu++14";
				CLANG_CXX_LIBRARY = "libc++";
				CLANG_ENABLE_MODULES = YES;
				CLANG_ENABLE_OBJC_ARC = YES;
				CLANG_ENABLE_OBJC_WEAK = YES;
				CLANG_WARN_BLOCK_CAPTURE_AUTORELEASING = YES;
				CLANG_WARN_BOOL_CONVERSION = YES;
				CLANG_WARN_COMMA = YES;
				CLANG_WARN_CONSTANT_CONVERSION = YES;
				CLANG_WARN_DEPRECATED_OBJC_IMPLEMENTATIONS = YES;
				CLANG_WARN_DIRECT_OBJC_ISA_USAGE = YES_ERROR;
				CLANG_WARN_DOCUMENTATION_COMMENTS = YES;
				CLANG_WARN_EMPTY_BODY = YES;
				CLANG_WARN_ENUM_CONVERSION = YES;
				CLANG_WARN_INFINITE_RECURSION = YES;
				CLANG_WARN_INT_CONVERSION = YES;
				CLANG_WARN_NON_LITERAL_NULL_CONVERSION = YES;
				CLANG_WARN_OBJC_IMPLICIT_RETAIN_SELF = YES;
				CLANG_WARN_OBJC_LITERAL_CONVERSION = YES;
				CLANG_WARN_OBJC_ROOT_CLASS = YES_ERROR;
				CLANG_WARN_RANGE_LOOP_ANALYSIS = YES;
				CLANG_WARN_STRICT_PROTOTYPES = YES;
				CLANG_WARN_SUSPICIOUS_MOVE = YES;
				CLANG_WARN_UNGUARDED_AVAILABILITY = YES_AGGRESSIVE;
				CLANG_WARN_UNREACHABLE_CODE = YES;
				CLANG_WARN__DUPLICATE_METHOD_MATCH = YES;
				CODE_SIGN_IDENTITY = "iPhone Developer";
				COPY_PHASE_STRIP = NO;
				DEBUG_INFORMATION_FORMAT = "dwarf-with-dsym";
				ENABLE_NS_ASSERTIONS = NO;
				ENABLE_STRICT_OBJC_MSGSEND = YES;
				GCC_C_LANGUAGE_STANDARD = gnu11;
				GCC_NO_COMMON_BLOCKS = YES;
				GCC_WARN_64_TO_32_BIT_CONVERSION = YES;
				GCC_WARN_ABOUT_RETURN_TYPE = YES_ERROR;
				GCC_WARN_UNDECLARED_SELECTOR = YES;
				GCC_WARN_UNINITIALIZED_AUTOS = YES_AGGRESSIVE;
				GCC_WARN_UNUSED_FUNCTION = YES;
				GCC_WARN_UNUSED_VARIABLE = YES;
				IPHONEOS_DEPLOYMENT_TARGET = 11.4;
				MTL_ENABLE_DEBUG_INFO = NO;
				SDKROOT = iphoneos;
				SWIFT_COMPILATION_MODE = wholemodule;
				SWIFT_OPTIMIZATION_LEVEL = "-O";
				VALIDATE_PRODUCT = YES;
			};
			name = Release;
		};
		D15ED6022144992000573F11 /* Debug */ = {
			isa = XCBuildConfiguration;
			buildSettings = {
				ASSETCATALOG_COMPILER_APPICON_NAME = AppIcon;
				CODE_SIGN_STYLE = Automatic;
				DEVELOPMENT_TEAM = QG3P4F8565;
				INFOPLIST_FILE = Shopping_List/Info.plist;
				LD_RUNPATH_SEARCH_PATHS = (
					"$(inherited)",
					"@executable_path/Frameworks",
				);
				PRODUCT_BUNDLE_IDENTIFIER = "Manali.com.Shopping-List";
				PRODUCT_NAME = "$(TARGET_NAME)";
				SWIFT_VERSION = 4.0;
				TARGETED_DEVICE_FAMILY = "1,2";
			};
			name = Debug;
		};
		D15ED6032144992000573F11 /* Release */ = {
			isa = XCBuildConfiguration;
			buildSettings = {
				ASSETCATALOG_COMPILER_APPICON_NAME = AppIcon;
				CODE_SIGN_STYLE = Automatic;
				DEVELOPMENT_TEAM = QG3P4F8565;
				INFOPLIST_FILE = Shopping_List/Info.plist;
				LD_RUNPATH_SEARCH_PATHS = (
					"$(inherited)",
					"@executable_path/Frameworks",
				);
				PRODUCT_BUNDLE_IDENTIFIER = "Manali.com.Shopping-List";
				PRODUCT_NAME = "$(TARGET_NAME)";
				SWIFT_VERSION = 4.0;
				TARGETED_DEVICE_FAMILY = "1,2";
			};
			name = Release;
		};
		D15ED6052144992000573F11 /* Debug */ = {
			isa = XCBuildConfiguration;
			buildSettings = {
				ALWAYS_EMBED_SWIFT_STANDARD_LIBRARIES = YES;
				BUNDLE_LOADER = "$(TEST_HOST)";
				CODE_SIGN_STYLE = Automatic;
				DEVELOPMENT_TEAM = QG3P4F8565;
				INFOPLIST_FILE = Shopping_ListTests/Info.plist;
				LD_RUNPATH_SEARCH_PATHS = (
					"$(inherited)",
					"@executable_path/Frameworks",
					"@loader_path/Frameworks",
				);
				PRODUCT_BUNDLE_IDENTIFIER = "Manali.com.Shopping-ListTests";
				PRODUCT_NAME = "$(TARGET_NAME)";
				SWIFT_VERSION = 4.0;
				TARGETED_DEVICE_FAMILY = "1,2";
				TEST_HOST = "$(BUILT_PRODUCTS_DIR)/Shopping_List.app/Shopping_List";
			};
			name = Debug;
		};
		D15ED6062144992000573F11 /* Release */ = {
			isa = XCBuildConfiguration;
			buildSettings = {
				ALWAYS_EMBED_SWIFT_STANDARD_LIBRARIES = YES;
				BUNDLE_LOADER = "$(TEST_HOST)";
				CODE_SIGN_STYLE = Automatic;
				DEVELOPMENT_TEAM = QG3P4F8565;
				INFOPLIST_FILE = Shopping_ListTests/Info.plist;
				LD_RUNPATH_SEARCH_PATHS = (
					"$(inherited)",
					"@executable_path/Frameworks",
					"@loader_path/Frameworks",
				);
				PRODUCT_BUNDLE_IDENTIFIER = "Manali.com.Shopping-ListTests";
				PRODUCT_NAME = "$(TARGET_NAME)";
				SWIFT_VERSION = 4.0;
				TARGETED_DEVICE_FAMILY = "1,2";
				TEST_HOST = "$(BUILT_PRODUCTS_DIR)/Shopping_List.app/Shopping_List";
			};
			name = Release;
		};
		D15ED6082144992000573F11 /* Debug */ = {
			isa = XCBuildConfiguration;
			buildSettings = {
				ALWAYS_EMBED_SWIFT_STANDARD_LIBRARIES = YES;
				CODE_SIGN_STYLE = Automatic;
				DEVELOPMENT_TEAM = QG3P4F8565;
				INFOPLIST_FILE = Shopping_ListUITests/Info.plist;
				LD_RUNPATH_SEARCH_PATHS = (
					"$(inherited)",
					"@executable_path/Frameworks",
					"@loader_path/Frameworks",
				);
				PRODUCT_BUNDLE_IDENTIFIER = "Manali.com.Shopping-ListUITests";
				PRODUCT_NAME = "$(TARGET_NAME)";
				SWIFT_VERSION = 4.0;
				TARGETED_DEVICE_FAMILY = "1,2";
				TEST_TARGET_NAME = Shopping_List;
			};
			name = Debug;
		};
		D15ED6092144992000573F11 /* Release */ = {
			isa = XCBuildConfiguration;
			buildSettings = {
				ALWAYS_EMBED_SWIFT_STANDARD_LIBRARIES = YES;
				CODE_SIGN_STYLE = Automatic;
				DEVELOPMENT_TEAM = QG3P4F8565;
				INFOPLIST_FILE = Shopping_ListUITests/Info.plist;
				LD_RUNPATH_SEARCH_PATHS = (
					"$(inherited)",
					"@executable_path/Frameworks",
					"@loader_path/Frameworks",
				);
				PRODUCT_BUNDLE_IDENTIFIER = "Manali.com.Shopping-ListUITests";
				PRODUCT_NAME = "$(TARGET_NAME)";
				SWIFT_VERSION = 4.0;
				TARGETED_DEVICE_FAMILY = "1,2";
				TEST_TARGET_NAME = Shopping_List;
			};
			name = Release;
		};
/* End XCBuildConfiguration section */

/* Begin XCConfigurationList section */
		D15ED5D42144991F00573F11 /* Build configuration list for PBXProject "Shopping_List" */ = {
			isa = XCConfigurationList;
			buildConfigurations = (
				D15ED5FF2144992000573F11 /* Debug */,
				D15ED6002144992000573F11 /* Release */,
			);
			defaultConfigurationIsVisible = 0;
			defaultConfigurationName = Release;
		};
		D15ED6012144992000573F11 /* Build configuration list for PBXNativeTarget "Shopping_List" */ = {
			isa = XCConfigurationList;
			buildConfigurations = (
				D15ED6022144992000573F11 /* Debug */,
				D15ED6032144992000573F11 /* Release */,
			);
			defaultConfigurationIsVisible = 0;
			defaultConfigurationName = Release;
		};
		D15ED6042144992000573F11 /* Build configuration list for PBXNativeTarget "Shopping_ListTests" */ = {
			isa = XCConfigurationList;
			buildConfigurations = (
				D15ED6052144992000573F11 /* Debug */,
				D15ED6062144992000573F11 /* Release */,
			);
			defaultConfigurationIsVisible = 0;
			defaultConfigurationName = Release;
		};
		D15ED6072144992000573F11 /* Build configuration list for PBXNativeTarget "Shopping_ListUITests" */ = {
			isa = XCConfigurationList;
			buildConfigurations = (
				D15ED6082144992000573F11 /* Debug */,
				D15ED6092144992000573F11 /* Release */,
			);
			defaultConfigurationIsVisible = 0;
			defaultConfigurationName = Release;
		};
/* End XCConfigurationList section */
	};
	rootObject = D15ED5D12144991F00573F11 /* Project object */;
}
